
Microsoft Visual Studio Solution File, Format Version 12.00
# Visual Studio Version 17
VisualStudioVersion = 17.1.32319.34
MinimumVisualStudioVersion = 10.0.40219.1
Project("{FAE04EC0-301F-11D3-BF4B-00C04F79EFBC}") = "Client", "Client\Client.csproj", "{D67E66C6-394B-4BEC-9D01-90B37857A150}"
EndProject
Project("{FAE04EC0-301F-11D3-BF4B-00C04F79EFBC}") = "Server", "Server\Server.csproj", "{BB283FC8-EF30-4ED3-AB29-72B874BB2C74}"
EndProject
Project("{FAE04EC0-301F-11D3-BF4B-00C04F79EFBC}") = "Common", "Common\Common.csproj", "{4974166E-22A9-4EA9-BB12-1962E86089AF}"
EndProject
Global
	GlobalSection(SolutionConfigurationPlatforms) = preSolution
		Debug|Any CPU = Debug|Any CPU
		Release|Any CPU = Release|Any CPU
	EndGlobalSection
	GlobalSection(ProjectConfigurationPlatforms) = postSolution
		{D67E66C6-394B-4BEC-9D01-90B37857A150}.Debug|Any CPU.ActiveCfg = Debug|Any CPU
		{D67E66C6-394B-4BEC-9D01-90B37857A150}.Debug|Any CPU.Build.0 = Debug|Any CPU
		{D67E66C6-394B-4BEC-9D01-90B37857A150}.Release|Any CPU.ActiveCfg = Release|Any CPU
		{D67E66C6-394B-4BEC-9D01-90B37857A150}.Release|Any CPU.Build.0 = Release|Any CPU
		{BB283FC8-EF30-4ED3-AB29-72B874BB2C74}.Debug|Any CPU.ActiveCfg = Debug|Any CPU
		{BB283FC8-EF30-4ED3-AB29-72B874BB2C74}.Debug|Any CPU.Build.0 = Debug|Any CPU
		{BB283FC8-EF30-4ED3-AB29-72B874BB2C74}.Release|Any CPU.ActiveCfg = Release|Any CPU
		{BB283FC8-EF30-4ED3-AB29-72B874BB2C74}.Release|Any CPU.Build.0 = Release|Any CPU
		{4974166E-22A9-4EA9-BB12-1962E86089AF}.Debug|Any CPU.ActiveCfg = Debug|Any CPU
		{4974166E-22A9-4EA9-BB12-1962E86089AF}.Debug|Any CPU.Build.0 = Debug|Any CPU
		{4974166E-22A9-4EA9-BB12-1962E86089AF}.Release|Any CPU.ActiveCfg = Release|Any CPU
		{4974166E-22A9-4EA9-BB12-1962E86089AF}.Release|Any CPU.Build.0 = Release|Any CPU
	EndGlobalSection
	GlobalSection(SolutionProperties) = preSolution
		HideSolutionNode = FALSE
	EndGlobalSection
	GlobalSection(ExtensibilityGlobals) = postSolution
		SolutionGuid = {A5AA0C91-E605-467B-8143-A9D8EE0353EC}
	EndGlobalSection
EndGlobal
